Microsoft Visual Studio Solution File, Format Version 12.00
# Visual Studio 2012
Project("{FAE04EC0-301F-11D3-BF4B-00C04F79EFBC}") = "Outpost 3", "Outpost 3.csproj", "{377538F9-FE10-4FED-94C3-47B925801919}"
EndProject
Global
	GlobalSection(SolutionConfigurationPlatforms) = preSolution
	Debug|Any CPU = Debug|Any CPU
	ExportDebug|Any CPU = ExportDebug|Any CPU
	ExportRelease|Any CPU = ExportRelease|Any CPU
	EndGlobalSection
	GlobalSection(ProjectConfigurationPlatforms) = postSolution
		{377538F9-FE10-4FED-94C3-47B925801919}.Debug|Any CPU.ActiveCfg = Debug|Any CPU
		{377538F9-FE10-4FED-94C3-47B925801919}.Debug|Any CPU.Build.0 = Debug|Any CPU
		{377538F9-FE10-4FED-94C3-47B925801919}.ExportDebug|Any CPU.ActiveCfg = ExportDebug|Any CPU
		{377538F9-FE10-4FED-94C3-47B925801919}.ExportDebug|Any CPU.Build.0 = ExportDebug|Any CPU
		{377538F9-FE10-4FED-94C3-47B925801919}.ExportRelease|Any CPU.ActiveCfg = ExportRelease|Any CPU
		{377538F9-FE10-4FED-94C3-47B925801919}.ExportRelease|Any CPU.Build.0 = ExportRelease|Any CPU
	EndGlobalSection
EndGlobal
